# This file is autogenerated, do not edit; changes may be undone by the next 'dep ensure'.


[[projects]]
  name = "github.com/360EntSecGroup-Skylar/excelize"
  packages = ["."]
  revision = "3e004d900b103379c2d62657a3070de4a2e8585a"
  version = "v1.4.0"

[[projects]]
  name = "github.com/mattn/go-shellwords"
  packages = ["."]
  revision = "02e3cf038dcea8290e44424da473dd12be796a8a"
  version = "v1.0.3"

[[projects]]
  branch = "master"
  name = "github.com/mohae/deepcopy"
  packages = ["."]
  revision = "c48cc78d482608239f6c4c92a4abd87eb8761c90"

[[projects]]
  branch = "master"
  name = "github.com/watarukura/OpenUspTukubaiGolang"
  packages = ["util"]
  revision = "031c7da435a6735594f106670496ea6e24bcc7fa"

[solve-meta]
  analyzer-name = "dep"
  analyzer-version = 1
  inputs-digest = "26c82302d7fc37724ee1f98d75006fdceb2edda88e1d7f4e946e29a4f52e359b"
  solver-name = "gps-cdcl"
  solver-version = 1
