github.com/loadoff/excl v0.0.0-20171207172601-c6a9e4c4b4c4 h1:DNMe4L3ukcDtRt3Q/5Y4VcLnqs8iIo4hm6bPPt1OR1s=
github.com/loadoff/excl v0.0.0-20171207172601-c6a9e4c4b4c4/go.mod h1:nVZOIVwZIBGHgJj8QWr2IsA5E/hpqGObvtWfZHLkchM=
github.com/mattn/go-shellwords v1.0.3 h1:K/VxK7SZ+cvuPgFSLKi5QPI9Vr/ipOf4C1gN+ntueUk=
github.com/mattn/go-shellwords v1.0.3/go.mod h1:3xCvwCdWdlDJUrvuMn7Wuy9eWs4pE8vqg+NOMyg4B2o=
github.com/tealeg/xlsx v1.0.3 h1:BXsDIQYBPq2HgbwUxrsVXIrnO0BDxmsdUfHSfvwfBuQ=
github.com/tealeg/xlsx v1.0.3/go.mod h1:uxu5UY2ovkuRPWKQ8Q7JG0JbSivrISjdPzZQKeo74mA=
github.com/watarukura/OpenUspTukubaiGolang v0.0.0-20190101144146-47c267814789 h1:dyad0uDO6+sJHadcdgwcWMq9JpJh0C/trV+mn10x2y8=
github.com/watarukura/OpenUspTukubaiGolang v0.0.0-20190101144146-47c267814789/go.mod h1:6MLn12kWC56ep77o9U+NaS6HCwjgCdzqv5X1n8+ulnc=
golang.org/x/text v0.3.0 h1:g61tztE5qeGQ89tm6NTjjM9VPIm088od1l6aSorWRWg=
golang.org/x/text v0.3.0/go.mod h1:NqM8EUOU14njkJ3fqMW+pc6Ldnwhi/IjpwHt7yyuwOQ=
